// !$*UTF8*$!
{
	archiveVersion = 1;
	classes = {
	};
	objectVersion = 56;
	objects = {

/* Begin PBXBuildFile section */
		A419D52529B933AE00A53682 /* OreDinnersApp.swift in Sources */ = {isa = PBXBuildFile; fileRef = A419D52429B933AE00A53682 /* OreDinnersApp.swift */; };
		A419D52729B933AE00A53682 /* ContentView.swift in Sources */ = {isa = PBXBuildFile; fileRef = A419D52629B933AE00A53682 /* ContentView.swift */; };
		A419D52929B933AF00A53682 /* Assets.xcassets in Resources */ = {isa = PBXBuildFile; fileRef = A419D52829B933AF00A53682 /* Assets.xcassets */; };
		A419D52C29B933AF00A53682 /* Preview Assets.xcassets in Resources */ = {isa = PBXBuildFile; fileRef = A419D52B29B933AF00A53682 /* Preview Assets.xcassets */; };
		A419D53729B933E400A53682 /* LoginView.swift in Sources */ = {isa = PBXBuildFile; fileRef = A419D53629B933E400A53682 /* LoginView.swift */; };
		A419D53929B9378800A53682 /* View+Placeholder.swift in Sources */ = {isa = PBXBuildFile; fileRef = A419D53829B9378800A53682 /* View+Placeholder.swift */; };
		A419D53B29B938D700A53682 /* GlobalVariables.swift in Sources */ = {isa = PBXBuildFile; fileRef = A419D53A29B938D700A53682 /* GlobalVariables.swift */; };
		A419D53F29B93ECB00A53682 /* SignUpView.swift in Sources */ = {isa = PBXBuildFile; fileRef = A419D53E29B93ECB00A53682 /* SignUpView.swift */; };
		A419D54229B9406400A53682 /* TextFieldView.swift in Sources */ = {isa = PBXBuildFile; fileRef = A419D54129B9406400A53682 /* TextFieldView.swift */; };
		A419D54929B94E7200A53682 /* GoogleService-Info.plist in Resources */ = {isa = PBXBuildFile; fileRef = A419D54829B94E7200A53682 /* GoogleService-Info.plist */; };
		A454E2CE29B9584000FF77EA /* MainView.swift in Sources */ = {isa = PBXBuildFile; fileRef = A454E2CD29B9584000FF77EA /* MainView.swift */; };
		A454E2D029B9626700FF77EA /* Post.swift in Sources */ = {isa = PBXBuildFile; fileRef = A454E2CF29B9626700FF77EA /* Post.swift */; };
		A454E2D429B972C200FF77EA /* PostView.swift in Sources */ = {isa = PBXBuildFile; fileRef = A454E2D329B972C200FF77EA /* PostView.swift */; };
		A454E2D829BFA8FD00FF77EA /* Font-Cursive.ttf in Resources */ = {isa = PBXBuildFile; fileRef = A454E2D729BFA8FD00FF77EA /* Font-Cursive.ttf */; };
		A454E2DB29BFAE0000FF77EA /* PostViewModel.swift in Sources */ = {isa = PBXBuildFile; fileRef = A454E2DA29BFAE0000FF77EA /* PostViewModel.swift */; };
		A454E2DD29BFC9BD00FF77EA /* ProfileView.swift in Sources */ = {isa = PBXBuildFile; fileRef = A454E2DC29BFC9BD00FF77EA /* ProfileView.swift */; };
		A454E2DF29BFCA6B00FF77EA /* ProfileViewModel.swift in Sources */ = {isa = PBXBuildFile; fileRef = A454E2DE29BFCA6B00FF77EA /* ProfileViewModel.swift */; };
		A454E2E229BFDDB400FF77EA /* SessionStore.swift in Sources */ = {isa = PBXBuildFile; fileRef = A454E2E129BFDDB400FF77EA /* SessionStore.swift */; };
		A454E2EA29C0FD3300FF77EA /* CreatePostView.swift in Sources */ = {isa = PBXBuildFile; fileRef = A454E2E929C0FD3300FF77EA /* CreatePostView.swift */; };
		A4C52F9829D7925A00B23485 /* NeedsUpdateView.swift in Sources */ = {isa = PBXBuildFile; fileRef = A4C52F9729D7925A00B23485 /* NeedsUpdateView.swift */; };
		A4C6C2EC29C4AC6800246C83 /* PostRepository.swift in Sources */ = {isa = PBXBuildFile; fileRef = A4C6C2EB29C4AC6800246C83 /* PostRepository.swift */; };
		A4C6C2EE29C4B77000246C83 /* Errors.swift in Sources */ = {isa = PBXBuildFile; fileRef = A4C6C2ED29C4B77000246C83 /* Errors.swift */; };
		A4C6C2F029C4ED1500246C83 /* ImagePicker.swift in Sources */ = {isa = PBXBuildFile; fileRef = A4C6C2EF29C4ED1500246C83 /* ImagePicker.swift */; };
		A4CD93F229D2EDB700FD07C2 /* OnboardingView.swift in Sources */ = {isa = PBXBuildFile; fileRef = A4CD93F129D2EDB700FD07C2 /* OnboardingView.swift */; };
		A4E76B1B29C3B41400ADD5E3 /* FirebaseAnalytics in Frameworks */ = {isa = PBXBuildFile; productRef = A4E76B1A29C3B41400ADD5E3 /* FirebaseAnalytics */; };
		A4E76B1D29C3B41400ADD5E3 /* FirebaseAuth in Frameworks */ = {isa = PBXBuildFile; productRef = A4E76B1C29C3B41400ADD5E3 /* FirebaseAuth */; };
		A4E76B1F29C3B41400ADD5E3 /* FirebaseFirestore in Frameworks */ = {isa = PBXBuildFile; productRef = A4E76B1E29C3B41400ADD5E3 /* FirebaseFirestore */; };
		A4E76B2129C3B41400ADD5E3 /* FirebaseStorage in Frameworks */ = {isa = PBXBuildFile; productRef = A4E76B2029C3B41400ADD5E3 /* FirebaseStorage */; };
/* End PBXBuildFile section */

/* Begin PBXFileReference section */
		A419D52129B933AE00A53682 /* OreDinners.app */ = {isa = PBXFileReference; explicitFileType = wrapper.application; includeInIndex = 0; path = OreDinners.app; sourceTree = BUILT_PRODUCTS_DIR; };
		A419D52429B933AE00A53682 /* OreDinnersApp.swift */ = {isa = PBXFileReference; lastKnownFileType = sourcecode.swift; path = OreDinnersApp.swift; sourceTree = "<group>"; };
		A419D52629B933AE00A53682 /* ContentView.swift */ = {isa = PBXFileReference; lastKnownFileType = sourcecode.swift; path = ContentView.swift; sourceTree = "<group>"; };
		A419D52829B933AF00A53682 /* Assets.xcassets */ = {isa = PBXFileReference; lastKnownFileType = folder.assetcatalog; name = Assets.xcassets; path = OreDinners/Assets.xcassets; sourceTree = SOURCE_ROOT; };
		A419D52B29B933AF00A53682 /* Preview Assets.xcassets */ = {isa = PBXFileReference; lastKnownFileType = folder.assetcatalog; path = "Preview Assets.xcassets"; sourceTree = "<group>"; };
		A419D53629B933E400A53682 /* LoginView.swift */ = {isa = PBXFileReference; lastKnownFileType = sourcecode.swift; path = LoginView.swift; sourceTree = "<group>"; };
		A419D53829B9378800A53682 /* View+Placeholder.swift */ = {isa = PBXFileReference; lastKnownFileType = sourcecode.swift; path = "View+Placeholder.swift"; sourceTree = "<group>"; };
		A419D53A29B938D700A53682 /* GlobalVariables.swift */ = {isa = PBXFileReference; lastKnownFileType = sourcecode.swift; path = GlobalVariables.swift; sourceTree = "<group>"; };
		A419D53E29B93ECB00A53682 /* SignUpView.swift */ = {isa = PBXFileReference; lastKnownFileType = sourcecode.swift; path = SignUpView.swift; sourceTree = "<group>"; };
		A419D54129B9406400A53682 /* TextFieldView.swift */ = {isa = PBXFileReference; lastKnownFileType = sourcecode.swift; path = TextFieldView.swift; sourceTree = "<group>"; };
		A419D54829B94E7200A53682 /* GoogleService-Info.plist */ = {isa = PBXFileReference; fileEncoding = 4; lastKnownFileType = text.plist.xml; path = "GoogleService-Info.plist"; sourceTree = "<group>"; };
		A454E2CD29B9584000FF77EA /* MainView.swift */ = {isa = PBXFileReference; lastKnownFileType = sourcecode.swift; path = MainView.swift; sourceTree = "<group>"; };
		A454E2CF29B9626700FF77EA /* Post.swift */ = {isa = PBXFileReference; lastKnownFileType = sourcecode.swift; path = Post.swift; sourceTree = "<group>"; };
		A454E2D329B972C200FF77EA /* PostView.swift */ = {isa = PBXFileReference; lastKnownFileType = sourcecode.swift; path = PostView.swift; sourceTree = "<group>"; };
		A454E2D729BFA8FD00FF77EA /* Font-Cursive.ttf */ = {isa = PBXFileReference; lastKnownFileType = file; path = "Font-Cursive.ttf"; sourceTree = "<group>"; };
		A454E2D929BFA92700FF77EA /* Info.plist */ = {isa = PBXFileReference; lastKnownFileType = text.plist; path = Info.plist; sourceTree = "<group>"; };
		A454E2DA29BFAE0000FF77EA /* PostViewModel.swift */ = {isa = PBXFileReference; lastKnownFileType = sourcecode.swift; path = PostViewModel.swift; sourceTree = "<group>"; };
		A454E2DC29BFC9BD00FF77EA /* ProfileView.swift */ = {isa = PBXFileReference; lastKnownFileType = sourcecode.swift; path = ProfileView.swift; sourceTree = "<group>"; };
		A454E2DE29BFCA6B00FF77EA /* ProfileViewModel.swift */ = {isa = PBXFileReference; lastKnownFileType = sourcecode.swift; path = ProfileViewModel.swift; sourceTree = "<group>"; };
		A454E2E129BFDDB400FF77EA /* SessionStore.swift */ = {isa = PBXFileReference; lastKnownFileType = sourcecode.swift; path = SessionStore.swift; sourceTree = "<group>"; };
		A454E2E929C0FD3300FF77EA /* CreatePostView.swift */ = {isa = PBXFileReference; lastKnownFileType = sourcecode.swift; path = CreatePostView.swift; sourceTree = "<group>"; };
		A4C52F9729D7925A00B23485 /* NeedsUpdateView.swift */ = {isa = PBXFileReference; lastKnownFileType = sourcecode.swift; path = NeedsUpdateView.swift; sourceTree = "<group>"; };
		A4C6C2EB29C4AC6800246C83 /* PostRepository.swift */ = {isa = PBXFileReference; lastKnownFileType = sourcecode.swift; path = PostRepository.swift; sourceTree = "<group>"; };
		A4C6C2ED29C4B77000246C83 /* Errors.swift */ = {isa = PBXFileReference; lastKnownFileType = sourcecode.swift; path = Errors.swift; sourceTree = "<group>"; };
		A4C6C2EF29C4ED1500246C83 /* ImagePicker.swift */ = {isa = PBXFileReference; lastKnownFileType = sourcecode.swift; path = ImagePicker.swift; sourceTree = "<group>"; };
		A4CD93F129D2EDB700FD07C2 /* OnboardingView.swift */ = {isa = PBXFileReference; lastKnownFileType = sourcecode.swift; path = OnboardingView.swift; sourceTree = "<group>"; };
/* End PBXFileReference section */

/* Begin PBXFrameworksBuildPhase section */
		A419D51E29B933AE00A53682 /* Frameworks */ = {
			isa = PBXFrameworksBuildPhase;
			buildActionMask = 2147483647;
			files = (
				A4E76B1B29C3B41400ADD5E3 /* FirebaseAnalytics in Frameworks */,
				A4E76B2129C3B41400ADD5E3 /* FirebaseStorage in Frameworks */,
				A4E76B1D29C3B41400ADD5E3 /* FirebaseAuth in Frameworks */,
				A4E76B1F29C3B41400ADD5E3 /* FirebaseFirestore in Frameworks */,
			);
			runOnlyForDeploymentPostprocessing = 0;
		};
/* End PBXFrameworksBuildPhase section */

/* Begin PBXGroup section */
		A419D51829B933AE00A53682 = {
			isa = PBXGroup;
			children = (
				A419D52329B933AE00A53682 /* OreDinners */,
				A419D52229B933AE00A53682 /* Products */,
			);
			sourceTree = "<group>";
		};
		A419D52229B933AE00A53682 /* Products */ = {
			isa = PBXGroup;
			children = (
				A419D52129B933AE00A53682 /* OreDinners.app */,
			);
			name = Products;
			sourceTree = "<group>";
		};
		A419D52329B933AE00A53682 /* OreDinners */ = {
			isa = PBXGroup;
			children = (
				A454E2E029BFDDA100FF77EA /* Repositories */,
				A454E2D929BFA92700FF77EA /* Info.plist */,
				A419D54829B94E7200A53682 /* GoogleService-Info.plist */,
				A419D54029B9404A00A53682 /* Components */,
				A419D53529B933D300A53682 /* Extensions */,
				A419D53429B933CD00A53682 /* ViewModels */,
				A419D53329B933C600A53682 /* Models */,
				A419D53229B933C000A53682 /* Views */,
				A419D52429B933AE00A53682 /* OreDinnersApp.swift */,
				A419D52629B933AE00A53682 /* ContentView.swift */,
				A419D52829B933AF00A53682 /* Assets.xcassets */,
				A454E2D729BFA8FD00FF77EA /* Font-Cursive.ttf */,
				A419D52A29B933AF00A53682 /* Preview Content */,
			);
			path = OreDinners;
			sourceTree = "<group>";
		};
		A419D52A29B933AF00A53682 /* Preview Content */ = {
			isa = PBXGroup;
			children = (
				A419D52B29B933AF00A53682 /* Preview Assets.xcassets */,
			);
			path = "Preview Content";
			sourceTree = "<group>";
		};
		A419D53229B933C000A53682 /* Views */ = {
			isa = PBXGroup;
			children = (
				A419D53629B933E400A53682 /* LoginView.swift */,
				A419D53E29B93ECB00A53682 /* SignUpView.swift */,
				A454E2CD29B9584000FF77EA /* MainView.swift */,
				A454E2D329B972C200FF77EA /* PostView.swift */,
				A454E2DC29BFC9BD00FF77EA /* ProfileView.swift */,
				A454E2E929C0FD3300FF77EA /* CreatePostView.swift */,
				A4CD93F129D2EDB700FD07C2 /* OnboardingView.swift */,
				A4C52F9729D7925A00B23485 /* NeedsUpdateView.swift */,
			);
			path = Views;
			sourceTree = "<group>";
		};
		A419D53329B933C600A53682 /* Models */ = {
			isa = PBXGroup;
			children = (
				A454E2CF29B9626700FF77EA /* Post.swift */,
			);
			path = Models;
			sourceTree = "<group>";
		};
		A419D53429B933CD00A53682 /* ViewModels */ = {
			isa = PBXGroup;
			children = (
				A454E2DA29BFAE0000FF77EA /* PostViewModel.swift */,
				A454E2DE29BFCA6B00FF77EA /* ProfileViewModel.swift */,
			);
			path = ViewModels;
			sourceTree = "<group>";
		};
		A419D53529B933D300A53682 /* Extensions */ = {
			isa = PBXGroup;
			children = (
				A419D53829B9378800A53682 /* View+Placeholder.swift */,
				A419D53A29B938D700A53682 /* GlobalVariables.swift */,
				A4C6C2ED29C4B77000246C83 /* Errors.swift */,
			);
			path = Extensions;
			sourceTree = "<group>";
		};
		A419D54029B9404A00A53682 /* Components */ = {
			isa = PBXGroup;
			children = (
				A419D54129B9406400A53682 /* TextFieldView.swift */,
				A4C6C2EF29C4ED1500246C83 /* ImagePicker.swift */,
			);
			path = Components;
			sourceTree = "<group>";
		};
		A454E2E029BFDDA100FF77EA /* Repositories */ = {
			isa = PBXGroup;
			children = (
				A454E2E129BFDDB400FF77EA /* SessionStore.swift */,
				A4C6C2EB29C4AC6800246C83 /* PostRepository.swift */,
			);
			path = Repositories;
			sourceTree = "<group>";
		};
/* End PBXGroup section */

/* Begin PBXNativeTarget section */
		A419D52029B933AE00A53682 /* OreDinners */ = {
			isa = PBXNativeTarget;
			buildConfigurationList = A419D52F29B933AF00A53682 /* Build configuration list for PBXNativeTarget "OreDinners" */;
			buildPhases = (
				A419D51D29B933AE00A53682 /* Sources */,
				A419D51E29B933AE00A53682 /* Frameworks */,
				A419D51F29B933AE00A53682 /* Resources */,
			);
			buildRules = (
			);
			dependencies = (
			);
			name = OreDinners;
			packageProductDependencies = (
				A4E76B1A29C3B41400ADD5E3 /* FirebaseAnalytics */,
				A4E76B1C29C3B41400ADD5E3 /* FirebaseAuth */,
				A4E76B1E29C3B41400ADD5E3 /* FirebaseFirestore */,
				A4E76B2029C3B41400ADD5E3 /* FirebaseStorage */,
			);
			productName = OreDinners;
			productReference = A419D52129B933AE00A53682 /* OreDinners.app */;
			productType = "com.apple.product-type.application";
		};
/* End PBXNativeTarget section */

/* Begin PBXProject section */
		A419D51929B933AE00A53682 /* Project object */ = {
			isa = PBXProject;
			attributes = {
				BuildIndependentTargetsInParallel = 1;
				LastSwiftUpdateCheck = 1420;
				LastUpgradeCheck = 1420;
				TargetAttributes = {
					A419D52029B933AE00A53682 = {
						CreatedOnToolsVersion = 14.2;
					};
				};
			};
			buildConfigurationList = A419D51C29B933AE00A53682 /* Build configuration list for PBXProject "OreDinners" */;
			compatibilityVersion = "Xcode 14.0";
			developmentRegion = en;
			hasScannedForEncodings = 0;
			knownRegions = (
				en,
				Base,
			);
			mainGroup = A419D51829B933AE00A53682;
			packageReferences = (
				A4E76B1929C3B41400ADD5E3 /* XCRemoteSwiftPackageReference "firebase-ios-sdk" */,
			);
			productRefGroup = A419D52229B933AE00A53682 /* Products */;
			projectDirPath = "";
			projectRoot = "";
			targets = (
				A419D52029B933AE00A53682 /* OreDinners */,
			);
		};
/* End PBXProject section */

/* Begin PBXResourcesBuildPhase section */
		A419D51F29B933AE00A53682 /* Resources */ = {
			isa = PBXResourcesBuildPhase;
			buildActionMask = 2147483647;
			files = (
				A419D52C29B933AF00A53682 /* Preview Assets.xcassets in Resources */,
				A454E2D829BFA8FD00FF77EA /* Font-Cursive.ttf in Resources */,
				A419D52929B933AF00A53682 /* Assets.xcassets in Resources */,
				A419D54929B94E7200A53682 /* GoogleService-Info.plist in Resources */,
			);
			runOnlyForDeploymentPostprocessing = 0;
		};
/* End PBXResourcesBuildPhase section */

/* Begin PBXSourcesBuildPhase section */
		A419D51D29B933AE00A53682 /* Sources */ = {
			isa = PBXSourcesBuildPhase;
			buildActionMask = 2147483647;
			files = (
				A454E2DB29BFAE0000FF77EA /* PostViewModel.swift in Sources */,
				A454E2DD29BFC9BD00FF77EA /* ProfileView.swift in Sources */,
				A419D53729B933E400A53682 /* LoginView.swift in Sources */,
				A4C6C2F029C4ED1500246C83 /* ImagePicker.swift in Sources */,
				A419D54229B9406400A53682 /* TextFieldView.swift in Sources */,
				A454E2EA29C0FD3300FF77EA /* CreatePostView.swift in Sources */,
				A419D52729B933AE00A53682 /* ContentView.swift in Sources */,
				A454E2CE29B9584000FF77EA /* MainView.swift in Sources */,
				A4C6C2EC29C4AC6800246C83 /* PostRepository.swift in Sources */,
				A454E2DF29BFCA6B00FF77EA /* ProfileViewModel.swift in Sources */,
				A419D53929B9378800A53682 /* View+Placeholder.swift in Sources */,
				A4CD93F229D2EDB700FD07C2 /* OnboardingView.swift in Sources */,
				A419D52529B933AE00A53682 /* OreDinnersApp.swift in Sources */,
				A4C52F9829D7925A00B23485 /* NeedsUpdateView.swift in Sources */,
				A454E2D029B9626700FF77EA /* Post.swift in Sources */,
				A454E2E229BFDDB400FF77EA /* SessionStore.swift in Sources */,
				A419D53F29B93ECB00A53682 /* SignUpView.swift in Sources */,
				A419D53B29B938D700A53682 /* GlobalVariables.swift in Sources */,
				A4C6C2EE29C4B77000246C83 /* Errors.swift in Sources */,
				A454E2D429B972C200FF77EA /* PostView.swift in Sources */,
			);
			runOnlyForDeploymentPostprocessing = 0;
		};
/* End PBXSourcesBuildPhase section */

/* Begin XCBuildConfiguration section */
		A419D52D29B933AF00A53682 /* Debug */ = {
			isa = XCBuildConfiguration;
			buildSettings = {
				ALWAYS_SEARCH_USER_PATHS = NO;
				CLANG_ANALYZER_NONNULL = YES;
				CLANG_ANALYZER_NUMBER_OBJECT_CONVERSION = YES_AGGRESSIVE;
				CLANG_CXX_LANGUAGE_STANDARD = "gnu++20";
				CLANG_ENABLE_MODULES = YES;
				CLANG_ENABLE_OBJC_ARC = YES;
				CLANG_ENABLE_OBJC_WEAK = YES;
				CLANG_WARN_BLOCK_CAPTURE_AUTORELEASING = YES;
				CLANG_WARN_BOOL_CONVERSION = YES;
				CLANG_WARN_COMMA = YES;
				CLANG_WARN_CONSTANT_CONVERSION = YES;
				CLANG_WARN_DEPRECATED_OBJC_IMPLEMENTATIONS = YES;
				CLANG_WARN_DIRECT_OBJC_ISA_USAGE = YES_ERROR;
				CLANG_WARN_DOCUMENTATION_COMMENTS = YES;
				CLANG_WARN_EMPTY_BODY = YES;
				CLANG_WARN_ENUM_CONVERSION = YES;
				CLANG_WARN_INFINITE_RECURSION = YES;
				CLANG_WARN_INT_CONVERSION = YES;
				CLANG_WARN_NON_LITERAL_NULL_CONVERSION = YES;
				CLANG_WARN_OBJC_IMPLICIT_RETAIN_SELF = YES;
				CLANG_WARN_OBJC_LITERAL_CONVERSION = YES;
				CLANG_WARN_OBJC_ROOT_CLASS = YES_ERROR;
				CLANG_WARN_QUOTED_INCLUDE_IN_FRAMEWORK_HEADER = YES;
				CLANG_WARN_RANGE_LOOP_ANALYSIS = YES;
				CLANG_WARN_STRICT_PROTOTYPES = YES;
				CLANG_WARN_SUSPICIOUS_MOVE = YES;
				CLANG_WARN_UNGUARDED_AVAILABILITY = YES_AGGRESSIVE;
				CLANG_WARN_UNREACHABLE_CODE = YES;
				CLANG_WARN__DUPLICATE_METHOD_MATCH = YES;
				COPY_PHASE_STRIP = NO;
				DEBUG_INFORMATION_FORMAT = dwarf;
				ENABLE_STRICT_OBJC_MSGSEND = YES;
				ENABLE_TESTABILITY = YES;
				GCC_C_LANGUAGE_STANDARD = gnu11;
				GCC_DYNAMIC_NO_PIC = NO;
				GCC_NO_COMMON_BLOCKS = YES;
				GCC_OPTIMIZATION_LEVEL = 0;
				GCC_PREPROCESSOR_DEFINITIONS = (
					"DEBUG=1",
					"$(inherited)",
				);
				GCC_WARN_64_TO_32_BIT_CONVERSION = YES;
				GCC_WARN_ABOUT_RETURN_TYPE = YES_ERROR;
				GCC_WARN_UNDECLARED_SELECTOR = YES;
				GCC_WARN_UNINITIALIZED_AUTOS = YES_AGGRESSIVE;
				GCC_WARN_UNUSED_FUNCTION = YES;
				GCC_WARN_UNUSED_VARIABLE = YES;
				IPHONEOS_DEPLOYMENT_TARGET = 16.2;
				MTL_ENABLE_DEBUG_INFO = INCLUDE_SOURCE;
				MTL_FAST_MATH = YES;
				ONLY_ACTIVE_ARCH = YES;
				SDKROOT = iphoneos;
				SWIFT_ACTIVE_COMPILATION_CONDITIONS = DEBUG;
				SWIFT_OPTIMIZATION_LEVEL = "-Onone";
			};
			name = Debug;
		};
		A419D52E29B933AF00A53682 /* Release */ = {
			isa = XCBuildConfiguration;
			buildSettings = {
				ALWAYS_SEARCH_USER_PATHS = NO;
				CLANG_ANALYZER_NONNULL = YES;
				CLANG_ANALYZER_NUMBER_OBJECT_CONVERSION = YES_AGGRESSIVE;
				CLANG_CXX_LANGUAGE_STANDARD = "gnu++20";
				CLANG_ENABLE_MODULES = YES;
				CLANG_ENABLE_OBJC_ARC = YES;
				CLANG_ENABLE_OBJC_WEAK = YES;
				CLANG_WARN_BLOCK_CAPTURE_AUTORELEASING = YES;
				CLANG_WARN_BOOL_CONVERSION = YES;
				CLANG_WARN_COMMA = YES;
				CLANG_WARN_CONSTANT_CONVERSION = YES;
				CLANG_WARN_DEPRECATED_OBJC_IMPLEMENTATIONS = YES;
				CLANG_WARN_DIRECT_OBJC_ISA_USAGE = YES_ERROR;
				CLANG_WARN_DOCUMENTATION_COMMENTS = YES;
				CLANG_WARN_EMPTY_BODY = YES;
				CLANG_WARN_ENUM_CONVERSION = YES;
				CLANG_WARN_INFINITE_RECURSION = YES;
				CLANG_WARN_INT_CONVERSION = YES;
				CLANG_WARN_NON_LITERAL_NULL_CONVERSION = YES;
				CLANG_WARN_OBJC_IMPLICIT_RETAIN_SELF = YES;
				CLANG_WARN_OBJC_LITERAL_CONVERSION = YES;
				CLANG_WARN_OBJC_ROOT_CLASS = YES_ERROR;
				CLANG_WARN_QUOTED_INCLUDE_IN_FRAMEWORK_HEADER = YES;
				CLANG_WARN_RANGE_LOOP_ANALYSIS = YES;
				CLANG_WARN_STRICT_PROTOTYPES = YES;
				CLANG_WARN_SUSPICIOUS_MOVE = YES;
				CLANG_WARN_UNGUARDED_AVAILABILITY = YES_AGGRESSIVE;
				CLANG_WARN_UNREACHABLE_CODE = YES;
				CLANG_WARN__DUPLICATE_METHOD_MATCH = YES;
				COPY_PHASE_STRIP = NO;
				DEBUG_INFORMATION_FORMAT = "dwarf-with-dsym";
				ENABLE_NS_ASSERTIONS = NO;
				ENABLE_STRICT_OBJC_MSGSEND = YES;
				GCC_C_LANGUAGE_STANDARD = gnu11;
				GCC_NO_COMMON_BLOCKS = YES;
				GCC_WARN_64_TO_32_BIT_CONVERSION = YES;
				GCC_WARN_ABOUT_RETURN_TYPE = YES_ERROR;
				GCC_WARN_UNDECLARED_SELECTOR = YES;
				GCC_WARN_UNINITIALIZED_AUTOS = YES_AGGRESSIVE;
				GCC_WARN_UNUSED_FUNCTION = YES;
				GCC_WARN_UNUSED_VARIABLE = YES;
				IPHONEOS_DEPLOYMENT_TARGET = 16.2;
				MTL_ENABLE_DEBUG_INFO = NO;
				MTL_FAST_MATH = YES;
				SDKROOT = iphoneos;
				SWIFT_COMPILATION_MODE = wholemodule;
				SWIFT_OPTIMIZATION_LEVEL = "-O";
				VALIDATE_PRODUCT = YES;
			};
			name = Release;
		};
		A419D53029B933AF00A53682 /* Debug */ = {
			isa = XCBuildConfiguration;
			buildSettings = {
				ASSETCATALOG_COMPILER_APPICON_NAME = AppIcon;
				ASSETCATALOG_COMPILER_GLOBAL_ACCENT_COLOR_NAME = AccentColor;
				CODE_SIGN_STYLE = Automatic;
				CURRENT_PROJECT_VERSION = 1;
				DEVELOPMENT_ASSET_PATHS = "\"OreDinners/Preview Content\"";
				DEVELOPMENT_TEAM = 5PJWLL56GG;
				ENABLE_PREVIEWS = YES;
				GENERATE_INFOPLIST_FILE = YES;
				INFOPLIST_FILE = OreDinners/Info.plist;
				INFOPLIST_KEY_UIApplicationSupportsIndirectInputEvents = YES;
				INFOPLIST_KEY_UILaunchScreen_Generation = YES;
				INFOPLIST_KEY_UISupportedInterfaceOrientations_iPad = UIInterfaceOrientationPortrait;
				INFOPLIST_KEY_UISupportedInterfaceOrientations_iPhone = UIInterfaceOrientationPortrait;
				LD_RUNPATH_SEARCH_PATHS = (
					"$(inherited)",
					"@executable_path/Frameworks",
				);
				MARKETING_VERSION = 1.0;
				PRODUCT_BUNDLE_IDENTIFIER = com.carsoncramer.OreDinners;
				PRODUCT_NAME = "$(TARGET_NAME)";
				SUPPORTED_PLATFORMS = "iphoneos iphonesimulator";
				SUPPORTS_MACCATALYST = NO;
				SUPPORTS_MAC_DESIGNED_FOR_IPHONE_IPAD = NO;
				SWIFT_EMIT_LOC_STRINGS = YES;
				SWIFT_VERSION = 5.0;
				TARGETED_DEVICE_FAMILY = "1,2";
			};
			name = Debug;
		};
		A419D53129B933AF00A53682 /* Release */ = {
			isa = XCBuildConfiguration;
			buildSettings = {
				ASSETCATALOG_COMPILER_APPICON_NAME = AppIcon;
				ASSETCATALOG_COMPILER_GLOBAL_ACCENT_COLOR_NAME = AccentColor;
				CODE_SIGN_STYLE = Automatic;
				CURRENT_PROJECT_VERSION = 1;
				DEVELOPMENT_ASSET_PATHS = "\"OreDinners/Preview Content\"";
				DEVELOPMENT_TEAM = 5PJWLL56GG;
				ENABLE_PREVIEWS = YES;
				GENERATE_INFOPLIST_FILE = YES;
				INFOPLIST_FILE = OreDinners/Info.plist;
				INFOPLIST_KEY_UIApplicationSupportsIndirectInputEvents = YES;
				INFOPLIST_KEY_UILaunchScreen_Generation = YES;
				INFOPLIST_KEY_UISupportedInterfaceOrientations_iPad = UIInterfaceOrientationPortrait;
				INFOPLIST_KEY_UISupportedInterfaceOrientations_iPhone = UIInterfaceOrientationPortrait;
				LD_RUNPATH_SEARCH_PATHS = (
					"$(inherited)",
					"@executable_path/Frameworks",
				);
				MARKETING_VERSION = 1.0;
				PRODUCT_BUNDLE_IDENTIFIER = com.carsoncramer.OreDinners;
				PRODUCT_NAME = "$(TARGET_NAME)";
				SUPPORTED_PLATFORMS = "iphoneos iphonesimulator";
				SUPPORTS_MACCATALYST = NO;
				SUPPORTS_MAC_DESIGNED_FOR_IPHONE_IPAD = NO;
				SWIFT_EMIT_LOC_STRINGS = YES;
				SWIFT_VERSION = 5.0;
				TARGETED_DEVICE_FAMILY = "1,2";
			};
			name = Release;
		};
/* End XCBuildConfiguration section */

/* Begin XCConfigurationList section */
		A419D51C29B933AE00A53682 /* Build configuration list for PBXProject "OreDinners" */ = {
			isa = XCConfigurationList;
			buildConfigurations = (
				A419D52D29B933AF00A53682 /* Debug */,
				A419D52E29B933AF00A53682 /* Release */,
			);
			defaultConfigurationIsVisible = 0;
			defaultConfigurationName = Release;
		};
		A419D52F29B933AF00A53682 /* Build configuration list for PBXNativeTarget "OreDinners" */ = {
			isa = XCConfigurationList;
			buildConfigurations = (
				A419D53029B933AF00A53682 /* Debug */,
				A419D53129B933AF00A53682 /* Release */,
			);
			defaultConfigurationIsVisible = 0;
			defaultConfigurationName = Release;
		};
/* End XCConfigurationList section */

/* Begin XCRemoteSwiftPackageReference section */
		A4E76B1929C3B41400ADD5E3 /* XCRemoteSwiftPackageReference "firebase-ios-sdk" */ = {
			isa = XCRemoteSwiftPackageReference;
			repositoryURL = "https://github.com/firebase/firebase-ios-sdk/";
			requirement = {
				branch = master;
				kind = branch;
			};
		};
/* End XCRemoteSwiftPackageReference section */

/* Begin XCSwiftPackageProductDependency section */
		A4E76B1A29C3B41400ADD5E3 /* FirebaseAnalytics */ = {
			isa = XCSwiftPackageProductDependency;
			package = A4E76B1929C3B41400ADD5E3 /* XCRemoteSwiftPackageReference "firebase-ios-sdk" */;
			productName = FirebaseAnalytics;
		};
		A4E76B1C29C3B41400ADD5E3 /* FirebaseAuth */ = {
			isa = XCSwiftPackageProductDependency;
			package = A4E76B1929C3B41400ADD5E3 /* XCRemoteSwiftPackageReference "firebase-ios-sdk" */;
			productName = FirebaseAuth;
		};
		A4E76B1E29C3B41400ADD5E3 /* FirebaseFirestore */ = {
			isa = XCSwiftPackageProductDependency;
			package = A4E76B1929C3B41400ADD5E3 /* XCRemoteSwiftPackageReference "firebase-ios-sdk" */;
			productName = FirebaseFirestore;
		};
		A4E76B2029C3B41400ADD5E3 /* FirebaseStorage */ = {
			isa = XCSwiftPackageProductDependency;
			package = A4E76B1929C3B41400ADD5E3 /* XCRemoteSwiftPackageReference "firebase-ios-sdk" */;
			productName = FirebaseStorage;
		};
/* End XCSwiftPackageProductDependency section */
	};
	rootObject = A419D51929B933AE00A53682 /* Project object */;
}
